
Microsoft Visual Studio Solution File, Format Version 12.00
# Visual Studio Version 17
VisualStudioVersion = 17.10.34916.146
MinimumVisualStudioVersion = 10.0.40219.1
Project("{FAE04EC0-301F-11D3-BF4B-00C04F79EFBC}") = "ClientManager", "ClientManager\ClientManager.csproj", "{3A3BDCA1-0F70-49A6-B2A3-1494660E4E7C}"
EndProject
Project("{FAE04EC0-301F-11D3-BF4B-00C04F79EFBC}") = "ClientManager.Tests", "ClientManager.Tests\ClientManager.Tests.csproj", "{9BDA4E48-F630-4591-BCE9-A034E9F4CE0C}"
	ProjectSection(ProjectDependencies) = postProject
		{3A3BDCA1-0F70-49A6-B2A3-1494660E4E7C} = {3A3BDCA1-0F70-49A6-B2A3-1494660E4E7C}
	EndProjectSection
EndProject
Global
	GlobalSection(SolutionConfigurationPlatforms) = preSolution
		Debug|Any CPU = Debug|Any CPU
		Release|Any CPU = Release|Any CPU
	EndGlobalSection
	GlobalSection(ProjectConfigurationPlatforms) = postSolution
		{3A3BDCA1-0F70-49A6-B2A3-1494660E4E7C}.Debug|Any CPU.ActiveCfg = Debug|Any CPU
		{3A3BDCA1-0F70-49A6-B2A3-1494660E4E7C}.Debug|Any CPU.Build.0 = Debug|Any CPU
		{3A3BDCA1-0F70-49A6-B2A3-1494660E4E7C}.Release|Any CPU.ActiveCfg = Release|Any CPU
		{3A3BDCA1-0F70-49A6-B2A3-1494660E4E7C}.Release|Any CPU.Build.0 = Release|Any CPU
		{9BDA4E48-F630-4591-BCE9-A034E9F4CE0C}.Debug|Any CPU.ActiveCfg = Debug|Any CPU
		{9BDA4E48-F630-4591-BCE9-A034E9F4CE0C}.Debug|Any CPU.Build.0 = Debug|Any CPU
		{9BDA4E48-F630-4591-BCE9-A034E9F4CE0C}.Release|Any CPU.ActiveCfg = Release|Any CPU
		{9BDA4E48-F630-4591-BCE9-A034E9F4CE0C}.Release|Any CPU.Build.0 = Release|Any CPU
	EndGlobalSection
	GlobalSection(SolutionProperties) = preSolution
		HideSolutionNode = FALSE
	EndGlobalSection
	GlobalSection(ExtensibilityGlobals) = postSolution
		SolutionGuid = {249A01D0-F74E-4F8A-B6AD-3D3BB944CB10}
	EndGlobalSection
EndGlobal
